
Microsoft Visual Studio Solution File, Format Version 12.00
# Visual Studio 2012
Project("{FAE04EC0-301F-11D3-BF4B-00C04F79EFBC}") = "NeedOfVigilante", "NeedOfVigilante\NeedOfVigilante.csproj", "{A39E65AA-D779-4C89-9E84-8CFD24289E14}"
EndProject
Global
	GlobalSection(SolutionConfigurationPlatforms) = preSolution
		Debug|Any CPU = Debug|Any CPU
		Release|Any CPU = Release|Any CPU
	EndGlobalSection
	GlobalSection(ProjectConfigurationPlatforms) = postSolution
		{A39E65AA-D779-4C89-9E84-8CFD24289E14}.Debug|Any CPU.ActiveCfg = Debug|Any CPU
		{A39E65AA-D779-4C89-9E84-8CFD24289E14}.Debug|Any CPU.Build.0 = Debug|Any CPU
		{A39E65AA-D779-4C89-9E84-8CFD24289E14}.Release|Any CPU.ActiveCfg = Release|Any CPU
		{A39E65AA-D779-4C89-9E84-8CFD24289E14}.Release|Any CPU.Build.0 = Release|Any CPU
	EndGlobalSection
	GlobalSection(SolutionProperties) = preSolution
		HideSolutionNode = FALSE
	EndGlobalSection
EndGlobal
